{
	"name": "viewlet-platform",
	"lockfileVersion": 2,
	"requires": true,
	"packages": {
		"": {
			"devDependencies": {
				"@types/react": "^18.0.17",
				"@types/react-redux": "^7.1.24",
				"@types/redux": "^3.6.0"
			}
		},
		"node_modules/@babel/runtime": {
			"version": "7.18.9",
			"resolved": "https://registry.npmjs.org/@babel/runtime/-/runtime-7.18.9.tgz",
			"integrity": "sha512-lkqXDcvlFT5rvEjiu6+QYO+1GXrEHRo2LOtS7E4GtX5ESIZOgepqsZBVIj6Pv+a6zqsya9VCgiK1KAK4BvJDAw==",
			"dev": true,
			"dependencies": {
				"regenerator-runtime": "^0.13.4"
			},
			"engines": {
				"node": ">=6.9.0"
			}
		},
		"node_modules/@types/hoist-non-react-statics": {
			"version": "3.3.1",
			"resolved": "https://registry.npmjs.org/@types/hoist-non-react-statics/-/hoist-non-react-statics-3.3.1.tgz",
			"integrity": "sha512-iMIqiko6ooLrTh1joXodJK5X9xeEALT1kM5G3ZLhD3hszxBdIEd5C75U834D9mLcINgD4OyZf5uQXjkuYydWvA==",
			"dev": true,
			"dependencies": {
				"@types/react": "*",
				"hoist-non-react-statics": "^3.3.0"
			}
		},
		"node_modules/@types/prop-types": {
			"version": "15.7.5",
			"resolved": "https://registry.npmjs.org/@types/prop-types/-/prop-types-15.7.5.tgz",
			"integrity": "sha512-JCB8C6SnDoQf0cNycqd/35A7MjcnK+ZTqE7judS6o7utxUCg6imJg3QK2qzHKszlTjcj2cn+NwMB2i96ubpj7w==",
			"dev": true
		},
		"node_modules/@types/react": {
			"version": "18.0.17",
			"resolved": "https://registry.npmjs.org/@types/react/-/react-18.0.17.tgz",
			"integrity": "sha512-38ETy4tL+rn4uQQi7mB81G7V1g0u2ryquNmsVIOKUAEIDK+3CUjZ6rSRpdvS99dNBnkLFL83qfmtLacGOTIhwQ==",
			"dev": true,
			"dependencies": {
				"@types/prop-types": "*",
				"@types/scheduler": "*",
				"csstype": "^3.0.2"
			}
		},
		"node_modules/@types/react-redux": {
			"version": "7.1.24",
			"resolved": "https://registry.npmjs.org/@types/react-redux/-/react-redux-7.1.24.tgz",
			"integrity": "sha512-7FkurKcS1k0FHZEtdbbgN8Oc6b+stGSfZYjQGicofJ0j4U0qIn/jaSvnP2pLwZKiai3/17xqqxkkrxTgN8UNbQ==",
			"dev": true,
			"dependencies": {
				"@types/hoist-non-react-statics": "^3.3.0",
				"@types/react": "*",
				"hoist-non-react-statics": "^3.3.0",
				"redux": "^4.0.0"
			}
		},
		"node_modules/@types/redux": {
			"version": "3.6.0",
			"resolved": "https://registry.npmjs.org/@types/redux/-/redux-3.6.0.tgz",
			"integrity": "sha512-ic+60DXHW5seNyqFvfr7Sk5cnXs+HsF9tIeIaxjOuSP5kzgDXC+AzKTYmjAfuLx4Sccm/0vjwBQj3OOkUkwOqg==",
			"deprecated": "This is a stub types definition for Redux (https://github.com/reactjs/redux). Redux provides its own type definitions, so you don't need @types/redux installed!",
			"dev": true,
			"dependencies": {
				"redux": "*"
			}
		},
		"node_modules/@types/scheduler": {
			"version": "0.16.2",
			"resolved": "https://registry.npmjs.org/@types/scheduler/-/scheduler-0.16.2.tgz",
			"integrity": "sha512-hppQEBDmlwhFAXKJX2KnWLYu5yMfi91yazPb2l+lbJiwW+wdo1gNeRA+3RgNSO39WYX2euey41KEwnqesU2Jew==",
			"dev": true
		},
		"node_modules/csstype": {
			"version": "3.1.0",
			"resolved": "https://registry.npmjs.org/csstype/-/csstype-3.1.0.tgz",
			"integrity": "sha512-uX1KG+x9h5hIJsaKR9xHUeUraxf8IODOwq9JLNPq6BwB04a/xgpq3rcx47l5BZu5zBPlgD342tdke3Hom/nJRA==",
			"dev": true
		},
		"node_modules/hoist-non-react-statics": {
			"version": "3.3.2",
			"resolved": "https://registry.npmjs.org/hoist-non-react-statics/-/hoist-non-react-statics-3.3.2.tgz",
			"integrity": "sha512-/gGivxi8JPKWNm/W0jSmzcMPpfpPLc3dY/6GxhX2hQ9iGj3aDfklV4ET7NjKpSinLpJ5vafa9iiGIEZg10SfBw==",
			"dev": true,
			"dependencies": {
				"react-is": "^16.7.0"
			}
		},
		"node_modules/react-is": {
			"version": "16.13.1",
			"resolved": "https://registry.npmjs.org/react-is/-/react-is-16.13.1.tgz",
			"integrity": "sha512-24e6ynE2H+OKt4kqsOvNd8kBpV65zoxbA4BVsEOB3ARVWQki/DHzaUoC5KuON/BiccDaCCTZBuOcfZs70kR8bQ==",
			"dev": true
		},
		"node_modules/redux": {
			"version": "4.2.0",
			"resolved": "https://registry.npmjs.org/redux/-/redux-4.2.0.tgz",
			"integrity": "sha512-oSBmcKKIuIR4ME29/AeNUnl5L+hvBq7OaJWzaptTQJAntaPvxIJqfnjbaEiCzzaIz+XmVILfqAM3Ob0aXLPfjA==",
			"dev": true,
			"dependencies": {
				"@babel/runtime": "^7.9.2"
			}
		},
		"node_modules/regenerator-runtime": {
			"version": "0.13.9",
			"resolved": "https://registry.npmjs.org/regenerator-runtime/-/regenerator-runtime-0.13.9.tgz",
			"integrity": "sha512-p3VT+cOEgxFsRRA9X4lkI1E+k2/CtnKtU4gcxyaCUreilL/vqI6CdZ3wxVUx3UOUg+gnUOQQcRI7BmSI656MYA==",
			"dev": true
		}
	},
	"dependencies": {
		"@babel/runtime": {
			"version": "7.18.9",
			"resolved": "https://registry.npmjs.org/@babel/runtime/-/runtime-7.18.9.tgz",
			"integrity": "sha512-lkqXDcvlFT5rvEjiu6+QYO+1GXrEHRo2LOtS7E4GtX5ESIZOgepqsZBVIj6Pv+a6zqsya9VCgiK1KAK4BvJDAw==",
			"dev": true,
			"requires": {
				"regenerator-runtime": "^0.13.4"
			}
		},
		"@types/hoist-non-react-statics": {
			"version": "3.3.1",
			"resolved": "https://registry.npmjs.org/@types/hoist-non-react-statics/-/hoist-non-react-statics-3.3.1.tgz",
			"integrity": "sha512-iMIqiko6ooLrTh1joXodJK5X9xeEALT1kM5G3ZLhD3hszxBdIEd5C75U834D9mLcINgD4OyZf5uQXjkuYydWvA==",
			"dev": true,
			"requires": {
				"@types/react": "*",
				"hoist-non-react-statics": "^3.3.0"
			}
		},
		"@types/prop-types": {
			"version": "15.7.5",
			"resolved": "https://registry.npmjs.org/@types/prop-types/-/prop-types-15.7.5.tgz",
			"integrity": "sha512-JCB8C6SnDoQf0cNycqd/35A7MjcnK+ZTqE7judS6o7utxUCg6imJg3QK2qzHKszlTjcj2cn+NwMB2i96ubpj7w==",
			"dev": true
		},
		"@types/react": {
			"version": "18.0.17",
			"resolved": "https://registry.npmjs.org/@types/react/-/react-18.0.17.tgz",
			"integrity": "sha512-38ETy4tL+rn4uQQi7mB81G7V1g0u2ryquNmsVIOKUAEIDK+3CUjZ6rSRpdvS99dNBnkLFL83qfmtLacGOTIhwQ==",
			"dev": true,
			"requires": {
				"@types/prop-types": "*",
				"@types/scheduler": "*",
				"csstype": "^3.0.2"
			}
		},
		"@types/react-redux": {
			"version": "7.1.24",
			"resolved": "https://registry.npmjs.org/@types/react-redux/-/react-redux-7.1.24.tgz",
			"integrity": "sha512-7FkurKcS1k0FHZEtdbbgN8Oc6b+stGSfZYjQGicofJ0j4U0qIn/jaSvnP2pLwZKiai3/17xqqxkkrxTgN8UNbQ==",
			"dev": true,
			"requires": {
				"@types/hoist-non-react-statics": "^3.3.0",
				"@types/react": "*",
				"hoist-non-react-statics": "^3.3.0",
				"redux": "^4.0.0"
			}
		},
		"@types/redux": {
			"version": "3.6.0",
			"resolved": "https://registry.npmjs.org/@types/redux/-/redux-3.6.0.tgz",
			"integrity": "sha512-ic+60DXHW5seNyqFvfr7Sk5cnXs+HsF9tIeIaxjOuSP5kzgDXC+AzKTYmjAfuLx4Sccm/0vjwBQj3OOkUkwOqg==",
			"dev": true,
			"requires": {
				"redux": "*"
			}
		},
		"@types/scheduler": {
			"version": "0.16.2",
			"resolved": "https://registry.npmjs.org/@types/scheduler/-/scheduler-0.16.2.tgz",
			"integrity": "sha512-hppQEBDmlwhFAXKJX2KnWLYu5yMfi91yazPb2l+lbJiwW+wdo1gNeRA+3RgNSO39WYX2euey41KEwnqesU2Jew==",
			"dev": true
		},
		"csstype": {
			"version": "3.1.0",
			"resolved": "https://registry.npmjs.org/csstype/-/csstype-3.1.0.tgz",
			"integrity": "sha512-uX1KG+x9h5hIJsaKR9xHUeUraxf8IODOwq9JLNPq6BwB04a/xgpq3rcx47l5BZu5zBPlgD342tdke3Hom/nJRA==",
			"dev": true
		},
		"hoist-non-react-statics": {
			"version": "3.3.2",
			"resolved": "https://registry.npmjs.org/hoist-non-react-statics/-/hoist-non-react-statics-3.3.2.tgz",
			"integrity": "sha512-/gGivxi8JPKWNm/W0jSmzcMPpfpPLc3dY/6GxhX2hQ9iGj3aDfklV4ET7NjKpSinLpJ5vafa9iiGIEZg10SfBw==",
			"dev": true,
			"requires": {
				"react-is": "^16.7.0"
			}
		},
		"react-is": {
			"version": "16.13.1",
			"resolved": "https://registry.npmjs.org/react-is/-/react-is-16.13.1.tgz",
			"integrity": "sha512-24e6ynE2H+OKt4kqsOvNd8kBpV65zoxbA4BVsEOB3ARVWQki/DHzaUoC5KuON/BiccDaCCTZBuOcfZs70kR8bQ==",
			"dev": true
		},
		"redux": {
			"version": "4.2.0",
			"resolved": "https://registry.npmjs.org/redux/-/redux-4.2.0.tgz",
			"integrity": "sha512-oSBmcKKIuIR4ME29/AeNUnl5L+hvBq7OaJWzaptTQJAntaPvxIJqfnjbaEiCzzaIz+XmVILfqAM3Ob0aXLPfjA==",
			"dev": true,
			"requires": {
				"@babel/runtime": "^7.9.2"
			}
		},
		"regenerator-runtime": {
			"version": "0.13.9",
			"resolved": "https://registry.npmjs.org/regenerator-runtime/-/regenerator-runtime-0.13.9.tgz",
			"integrity": "sha512-p3VT+cOEgxFsRRA9X4lkI1E+k2/CtnKtU4gcxyaCUreilL/vqI6CdZ3wxVUx3UOUg+gnUOQQcRI7BmSI656MYA==",
			"dev": true
		}
	}
}
